// !$*UTF8*$!
{
	archiveVersion = 1;
	classes = {
	};
	objectVersion = 46;
	objects = {

/* Begin PBXBuildFile section */
		973AE232185F35400099EAD9 /* 1.png in CopyFiles */ = {isa = PBXBuildFile; fileRef = 975CB4F7185F1F5200A4E438 /* 1.png */; };
		973AE233185F35400099EAD9 /* 2.png in CopyFiles */ = {isa = PBXBuildFile; fileRef = 975CB4F8185F1F5200A4E438 /* 2.png */; };
		973AE234185F35400099EAD9 /* 3.png in CopyFiles */ = {isa = PBXBuildFile; fileRef = 975CB4F9185F1F5200A4E438 /* 3.png */; };
		973AE235185F35400099EAD9 /* 4.png in CopyFiles */ = {isa = PBXBuildFile; fileRef = 975CB4FA185F1F5200A4E438 /* 4.png */; };
		973AE236185F35400099EAD9 /* 5.png in CopyFiles */ = {isa = PBXBuildFile; fileRef = 975CB4FB185F1F5200A4E438 /* 5.png */; };
		973AE237185F35400099EAD9 /* 6.png in CopyFiles */ = {isa = PBXBuildFile; fileRef = 975CB4FC185F1F5200A4E438 /* 6.png */; };
		973AE238185F35400099EAD9 /* 7.png in CopyFiles */ = {isa = PBXBuildFile; fileRef = 975CB4FD185F1F5200A4E438 /* 7.png */; };
		973AE239185F35400099EAD9 /* 8.png in CopyFiles */ = {isa = PBXBuildFile; fileRef = 975CB4FE185F1F5200A4E438 /* 8.png */; };
		973AE23A185F35400099EAD9 /* 9.png in CopyFiles */ = {isa = PBXBuildFile; fileRef = 975CB4FF185F1F5200A4E438 /* 9.png */; };
		974D928A186040D90022FEED /* Coord.cpp in Sources */ = {isa = PBXBuildFile; fileRef = 974D9280186040D90022FEED /* Coord.cpp */; };
		974D928B186040D90022FEED /* Utility.cpp in Sources */ = {isa = PBXBuildFile; fileRef = 974D9284186040D90022FEED /* Utility.cpp */; };
		974D928C186040D90022FEED /* Vec2.cpp in Sources */ = {isa = PBXBuildFile; fileRef = 974D9286186040D90022FEED /* Vec2.cpp */; };
		974D928D186040D90022FEED /* Vec3.cpp in Sources */ = {isa = PBXBuildFile; fileRef = 974D9288186040D90022FEED /* Vec3.cpp */; };
		974D928E1860410B0022FEED /* block.png in CopyFiles */ = {isa = PBXBuildFile; fileRef = 974D9282186040D90022FEED /* block.png */; };
		974D928F1860410B0022FEED /* mario.gif in CopyFiles */ = {isa = PBXBuildFile; fileRef = 974D9283186040D90022FEED /* mario.gif */; };
		9757B421185EF4C000F64CDE /* Chunk.cpp in Sources */ = {isa = PBXBuildFile; fileRef = 9757B40C185EF4C000F64CDE /* Chunk.cpp */; };
		9757B422185EF4C000F64CDE /* CircleShape.cpp in Sources */ = {isa = PBXBuildFile; fileRef = 9757B40E185EF4C000F64CDE /* CircleShape.cpp */; };
		9757B423185EF4C000F64CDE /* CollisionHandler.cpp in Sources */ = {isa = PBXBuildFile; fileRef = 9757B410185EF4C000F64CDE /* CollisionHandler.cpp */; };
		9757B425185EF4C000F64CDE /* Entity.cpp in Sources */ = {isa = PBXBuildFile; fileRef = 9757B415185EF4C000F64CDE /* Entity.cpp */; };
		9757B426185EF4C000F64CDE /* EntityPlayer.cpp in Sources */ = {isa = PBXBuildFile; fileRef = 9757B417185EF4C000F64CDE /* EntityPlayer.cpp */; };
		9757B427185EF4C000F64CDE /* Game.cpp in Sources */ = {isa = PBXBuildFile; fileRef = 9757B419185EF4C000F64CDE /* Game.cpp */; };
		9757B428185EF4C000F64CDE /* Material.cpp in Sources */ = {isa = PBXBuildFile; fileRef = 9757B41B185EF4C000F64CDE /* Material.cpp */; };
		9757B429185EF4C000F64CDE /* Renderer.cpp in Sources */ = {isa = PBXBuildFile; fileRef = 9757B41D185EF4C000F64CDE /* Renderer.cpp */; };
		9757B42A185EF4C000F64CDE /* Shape.cpp in Sources */ = {isa = PBXBuildFile; fileRef = 9757B41F185EF4C000F64CDE /* Shape.cpp */; };
		975CB504185F248600A4E438 /* SDL2_image.framework in Frameworks */ = {isa = PBXBuildFile; fileRef = 975CB503185F248600A4E438 /* SDL2_image.framework */; };
		9766954018437EBE004E8ED6 /* Area.cpp in Sources */ = {isa = PBXBuildFile; fileRef = 9766953718437EBE004E8ED6 /* Area.cpp */; };
		9766954118437EBE004E8ED6 /* main.cpp in Sources */ = {isa = PBXBuildFile; fileRef = 9766953918437EBE004E8ED6 /* main.cpp */; };
		9766954418437EBE004E8ED6 /* Tile.cpp in Sources */ = {isa = PBXBuildFile; fileRef = 9766953E18437EBE004E8ED6 /* Tile.cpp */; };
/* End PBXBuildFile section */

/* Begin PBXCopyFilesBuildPhase section */
		973AE231185F35050099EAD9 /* CopyFiles */ = {
			isa = PBXCopyFilesBuildPhase;
			buildActionMask = 2147483647;
			dstPath = res;
			dstSubfolderSpec = 7;
			files = (
				974D928E1860410B0022FEED /* block.png in CopyFiles */,
				974D928F1860410B0022FEED /* mario.gif in CopyFiles */,
				973AE232185F35400099EAD9 /* 1.png in CopyFiles */,
				973AE233185F35400099EAD9 /* 2.png in CopyFiles */,
				973AE234185F35400099EAD9 /* 3.png in CopyFiles */,
				973AE235185F35400099EAD9 /* 4.png in CopyFiles */,
				973AE236185F35400099EAD9 /* 5.png in CopyFiles */,
				973AE237185F35400099EAD9 /* 6.png in CopyFiles */,
				973AE238185F35400099EAD9 /* 7.png in CopyFiles */,
				973AE239185F35400099EAD9 /* 8.png in CopyFiles */,
				973AE23A185F35400099EAD9 /* 9.png in CopyFiles */,
			);
			runOnlyForDeploymentPostprocessing = 0;
		};
/* End PBXCopyFilesBuildPhase section */

/* Begin PBXFileReference section */
		974D9280186040D90022FEED /* Coord.cpp */ = {isa = PBXFileReference; fileEncoding = 4; lastKnownFileType = sourcecode.cpp.cpp; path = Coord.cpp; sourceTree = "<group>"; };
		974D9281186040D90022FEED /* Coord.h */ = {isa = PBXFileReference; fileEncoding = 4; lastKnownFileType = sourcecode.c.h; path = Coord.h; sourceTree = "<group>"; };
		974D9282186040D90022FEED /* block.png */ = {isa = PBXFileReference; lastKnownFileType = image.png; path = block.png; sourceTree = "<group>"; };
		974D9283186040D90022FEED /* mario.gif */ = {isa = PBXFileReference; lastKnownFileType = image.gif; path = mario.gif; sourceTree = "<group>"; };
		974D9284186040D90022FEED /* Utility.cpp */ = {isa = PBXFileReference; fileEncoding = 4; lastKnownFileType = sourcecode.cpp.cpp; path = Utility.cpp; sourceTree = "<group>"; };
		974D9285186040D90022FEED /* Utility.h */ = {isa = PBXFileReference; fileEncoding = 4; lastKnownFileType = sourcecode.c.h; path = Utility.h; sourceTree = "<group>"; };
		974D9286186040D90022FEED /* Vec2.cpp */ = {isa = PBXFileReference; fileEncoding = 4; lastKnownFileType = sourcecode.cpp.cpp; path = Vec2.cpp; sourceTree = "<group>"; };
		974D9287186040D90022FEED /* Vec2.h */ = {isa = PBXFileReference; fileEncoding = 4; lastKnownFileType = sourcecode.c.h; path = Vec2.h; sourceTree = "<group>"; };
		974D9288186040D90022FEED /* Vec3.cpp */ = {isa = PBXFileReference; fileEncoding = 4; lastKnownFileType = sourcecode.cpp.cpp; path = Vec3.cpp; sourceTree = "<group>"; };
		974D9289186040D90022FEED /* Vec3.h */ = {isa = PBXFileReference; fileEncoding = 4; lastKnownFileType = sourcecode.c.h; path = Vec3.h; sourceTree = "<group>"; };
		9757B40C185EF4C000F64CDE /* Chunk.cpp */ = {isa = PBXFileReference; fileEncoding = 4; lastKnownFileType = sourcecode.cpp.cpp; path = Chunk.cpp; sourceTree = "<group>"; };
		9757B40D185EF4C000F64CDE /* Chunk.h */ = {isa = PBXFileReference; fileEncoding = 4; lastKnownFileType = sourcecode.c.h; path = Chunk.h; sourceTree = "<group>"; };
		9757B40E185EF4C000F64CDE /* CircleShape.cpp */ = {isa = PBXFileReference; fileEncoding = 4; lastKnownFileType = sourcecode.cpp.cpp; path = CircleShape.cpp; sourceTree = "<group>"; };
		9757B40F185EF4C000F64CDE /* CircleShape.h */ = {isa = PBXFileReference; fileEncoding = 4; lastKnownFileType = sourcecode.c.h; path = CircleShape.h; sourceTree = "<group>"; };
		9757B410185EF4C000F64CDE /* CollisionHandler.cpp */ = {isa = PBXFileReference; fileEncoding = 4; lastKnownFileType = sourcecode.cpp.cpp; path = CollisionHandler.cpp; sourceTree = "<group>"; };
		9757B411185EF4C000F64CDE /* CollisionHandler.h */ = {isa = PBXFileReference; fileEncoding = 4; lastKnownFileType = sourcecode.c.h; path = CollisionHandler.h; sourceTree = "<group>"; };
		9757B414185EF4C000F64CDE /* Defines.h */ = {isa = PBXFileReference; fileEncoding = 4; lastKnownFileType = sourcecode.c.h; path = Defines.h; sourceTree = "<group>"; };
		9757B415185EF4C000F64CDE /* Entity.cpp */ = {isa = PBXFileReference; fileEncoding = 4; lastKnownFileType = sourcecode.cpp.cpp; path = Entity.cpp; sourceTree = "<group>"; };
		9757B416185EF4C000F64CDE /* Entity.h */ = {isa = PBXFileReference; fileEncoding = 4; lastKnownFileType = sourcecode.c.h; path = Entity.h; sourceTree = "<group>"; };
		9757B417185EF4C000F64CDE /* EntityPlayer.cpp */ = {isa = PBXFileReference; fileEncoding = 4; lastKnownFileType = sourcecode.cpp.cpp; path = EntityPlayer.cpp; sourceTree = "<group>"; };
		9757B418185EF4C000F64CDE /* EntityPlayer.h */ = {isa = PBXFileReference; fileEncoding = 4; lastKnownFileType = sourcecode.c.h; path = EntityPlayer.h; sourceTree = "<group>"; };
		9757B419185EF4C000F64CDE /* Game.cpp */ = {isa = PBXFileReference; fileEncoding = 4; lastKnownFileType = sourcecode.cpp.cpp; path = Game.cpp; sourceTree = "<group>"; };
		9757B41A185EF4C000F64CDE /* Game.h */ = {isa = PBXFileReference; fileEncoding = 4; lastKnownFileType = sourcecode.c.h; path = Game.h; sourceTree = "<group>"; };
		9757B41B185EF4C000F64CDE /* Material.cpp */ = {isa = PBXFileReference; fileEncoding = 4; lastKnownFileType = sourcecode.cpp.cpp; path = Material.cpp; sourceTree = "<group>"; };
		9757B41C185EF4C000F64CDE /* Material.h */ = {isa = PBXFileReference; fileEncoding = 4; lastKnownFileType = sourcecode.c.h; path = Material.h; sourceTree = "<group>"; };
		9757B41D185EF4C000F64CDE /* Renderer.cpp */ = {isa = PBXFileReference; fileEncoding = 4; lastKnownFileType = sourcecode.cpp.cpp; path = Renderer.cpp; sourceTree = "<group>"; };
		9757B41E185EF4C000F64CDE /* Renderer.h */ = {isa = PBXFileReference; fileEncoding = 4; lastKnownFileType = sourcecode.c.h; path = Renderer.h; sourceTree = "<group>"; };
		9757B41F185EF4C000F64CDE /* Shape.cpp */ = {isa = PBXFileReference; fileEncoding = 4; lastKnownFileType = sourcecode.cpp.cpp; path = Shape.cpp; sourceTree = "<group>"; };
		9757B420185EF4C000F64CDE /* Shape.h */ = {isa = PBXFileReference; fileEncoding = 4; lastKnownFileType = sourcecode.c.h; path = Shape.h; sourceTree = "<group>"; };
		975CB4F7185F1F5200A4E438 /* 1.png */ = {isa = PBXFileReference; lastKnownFileType = image.png; path = 1.png; sourceTree = "<group>"; };
		975CB4F8185F1F5200A4E438 /* 2.png */ = {isa = PBXFileReference; lastKnownFileType = image.png; path = 2.png; sourceTree = "<group>"; };
		975CB4F9185F1F5200A4E438 /* 3.png */ = {isa = PBXFileReference; lastKnownFileType = image.png; path = 3.png; sourceTree = "<group>"; };
		975CB4FA185F1F5200A4E438 /* 4.png */ = {isa = PBXFileReference; lastKnownFileType = image.png; path = 4.png; sourceTree = "<group>"; };
		975CB4FB185F1F5200A4E438 /* 5.png */ = {isa = PBXFileReference; lastKnownFileType = image.png; path = 5.png; sourceTree = "<group>"; };
		975CB4FC185F1F5200A4E438 /* 6.png */ = {isa = PBXFileReference; lastKnownFileType = image.png; path = 6.png; sourceTree = "<group>"; };
		975CB4FD185F1F5200A4E438 /* 7.png */ = {isa = PBXFileReference; lastKnownFileType = image.png; path = 7.png; sourceTree = "<group>"; };
		975CB4FE185F1F5200A4E438 /* 8.png */ = {isa = PBXFileReference; lastKnownFileType = image.png; path = 8.png; sourceTree = "<group>"; };
		975CB4FF185F1F5200A4E438 /* 9.png */ = {isa = PBXFileReference; lastKnownFileType = image.png; path = 9.png; sourceTree = "<group>"; };
		975CB503185F248600A4E438 /* SDL2_image.framework */ = {isa = PBXFileReference; lastKnownFileType = wrapper.framework; name = SDL2_image.framework; path = ../../../../Library/Frameworks/SDL2_image.framework; sourceTree = "<group>"; };
		9766951818437968004E8ED6 /* Project Z.app */ = {isa = PBXFileReference; explicitFileType = wrapper.application; includeInIndex = 0; path = "Project Z.app"; sourceTree = BUILT_PRODUCTS_DIR; };
		9766953718437EBE004E8ED6 /* Area.cpp */ = {isa = PBXFileReference; fileEncoding = 4; lastKnownFileType = sourcecode.cpp.cpp; path = Area.cpp; sourceTree = "<group>"; };
		9766953818437EBE004E8ED6 /* Area.h */ = {isa = PBXFileReference; fileEncoding = 4; lastKnownFileType = sourcecode.c.h; path = Area.h; sourceTree = "<group>"; };
		9766953918437EBE004E8ED6 /* main.cpp */ = {isa = PBXFileReference; fileEncoding = 4; lastKnownFileType = sourcecode.cpp.cpp; path = main.cpp; sourceTree = "<group>"; };
		9766953E18437EBE004E8ED6 /* Tile.cpp */ = {isa = PBXFileReference; fileEncoding = 4; lastKnownFileType = sourcecode.cpp.cpp; path = Tile.cpp; sourceTree = "<group>"; };
		9766953F18437EBE004E8ED6 /* Tile.h */ = {isa = PBXFileReference; fileEncoding = 4; lastKnownFileType = sourcecode.c.h; path = Tile.h; sourceTree = "<group>"; };
/* End PBXFileReference section */

/* Begin PBXFrameworksBuildPhase section */
		9766951518437968004E8ED6 /* Frameworks */ = {
			isa = PBXFrameworksBuildPhase;
			buildActionMask = 2147483647;
			files = (
				975CB504185F248600A4E438 /* SDL2_image.framework in Frameworks */,
			);
			runOnlyForDeploymentPostprocessing = 0;
		};
/* End PBXFrameworksBuildPhase section */

/* Begin PBXGroup section */
		975CB4F6185F1F5200A4E438 /* res */ = {
			isa = PBXGroup;
			children = (
				975CB4F7185F1F5200A4E438 /* 1.png */,
				975CB4F8185F1F5200A4E438 /* 2.png */,
				975CB4F9185F1F5200A4E438 /* 3.png */,
				975CB4FA185F1F5200A4E438 /* 4.png */,
				975CB4FB185F1F5200A4E438 /* 5.png */,
				975CB4FC185F1F5200A4E438 /* 6.png */,
				975CB4FD185F1F5200A4E438 /* 7.png */,
				975CB4FE185F1F5200A4E438 /* 8.png */,
				975CB4FF185F1F5200A4E438 /* 9.png */,
				974D9282186040D90022FEED /* block.png */,
				974D9283186040D90022FEED /* mario.gif */,
			);
			path = res;
			sourceTree = "<group>";
		};
		9766950D18437968004E8ED6 = {
			isa = PBXGroup;
			children = (
				975CB503185F248600A4E438 /* SDL2_image.framework */,
				975CB4F6185F1F5200A4E438 /* res */,
				9766953718437EBE004E8ED6 /* Area.cpp */,
				9766953818437EBE004E8ED6 /* Area.h */,
				9766953918437EBE004E8ED6 /* main.cpp */,
				9757B40C185EF4C000F64CDE /* Chunk.cpp */,
				9757B40D185EF4C000F64CDE /* Chunk.h */,
				9757B40E185EF4C000F64CDE /* CircleShape.cpp */,
				9757B40F185EF4C000F64CDE /* CircleShape.h */,
				9757B410185EF4C000F64CDE /* CollisionHandler.cpp */,
				9757B411185EF4C000F64CDE /* CollisionHandler.h */,
				9757B414185EF4C000F64CDE /* Defines.h */,
				9757B415185EF4C000F64CDE /* Entity.cpp */,
				974D9280186040D90022FEED /* Coord.cpp */,
				974D9281186040D90022FEED /* Coord.h */,
				974D9284186040D90022FEED /* Utility.cpp */,
				974D9285186040D90022FEED /* Utility.h */,
				974D9286186040D90022FEED /* Vec2.cpp */,
				974D9287186040D90022FEED /* Vec2.h */,
				974D9288186040D90022FEED /* Vec3.cpp */,
				974D9289186040D90022FEED /* Vec3.h */,
				9757B416185EF4C000F64CDE /* Entity.h */,
				9757B417185EF4C000F64CDE /* EntityPlayer.cpp */,
				9757B418185EF4C000F64CDE /* EntityPlayer.h */,
				9757B419185EF4C000F64CDE /* Game.cpp */,
				9757B41A185EF4C000F64CDE /* Game.h */,
				9757B41B185EF4C000F64CDE /* Material.cpp */,
				9757B41C185EF4C000F64CDE /* Material.h */,
				9757B41D185EF4C000F64CDE /* Renderer.cpp */,
				9757B41E185EF4C000F64CDE /* Renderer.h */,
				9757B41F185EF4C000F64CDE /* Shape.cpp */,
				9757B420185EF4C000F64CDE /* Shape.h */,
				9766953E18437EBE004E8ED6 /* Tile.cpp */,
				9766953F18437EBE004E8ED6 /* Tile.h */,
				9766951918437968004E8ED6 /* Products */,
			);
			sourceTree = "<group>";
		};
		9766951918437968004E8ED6 /* Products */ = {
			isa = PBXGroup;
			children = (
				9766951818437968004E8ED6 /* Project Z.app */,
			);
			name = Products;
			sourceTree = "<group>";
		};
/* End PBXGroup section */

/* Begin PBXNativeTarget section */
		9766951718437968004E8ED6 /* Project Z */ = {
			isa = PBXNativeTarget;
			buildConfigurationList = 9766952018437968004E8ED6 /* Build configuration list for PBXNativeTarget "Project Z" */;
			buildPhases = (
				9766951418437968004E8ED6 /* Sources */,
				9766951518437968004E8ED6 /* Frameworks */,
				973AE231185F35050099EAD9 /* CopyFiles */,
			);
			buildRules = (
			);
			dependencies = (
			);
			name = "Project Z";
			productName = "Project Z";
			productReference = 9766951818437968004E8ED6 /* Project Z.app */;
			productType = "com.apple.product-type.application";
		};
/* End PBXNativeTarget section */

/* Begin PBXProject section */
		9766950F18437968004E8ED6 /* Project object */ = {
			isa = PBXProject;
			attributes = {
				LastUpgradeCheck = 0500;
				ORGANIZATIONNAME = "Hannes Feldt";
			};
			buildConfigurationList = 9766951218437968004E8ED6 /* Build configuration list for PBXProject "Project Z" */;
			compatibilityVersion = "Xcode 3.2";
			developmentRegion = English;
			hasScannedForEncodings = 0;
			knownRegions = (
				en,
			);
			mainGroup = 9766950D18437968004E8ED6;
			productRefGroup = 9766951918437968004E8ED6 /* Products */;
			projectDirPath = "";
			projectRoot = "";
			targets = (
				9766951718437968004E8ED6 /* Project Z */,
			);
		};
/* End PBXProject section */

/* Begin PBXSourcesBuildPhase section */
		9766951418437968004E8ED6 /* Sources */ = {
			isa = PBXSourcesBuildPhase;
			buildActionMask = 2147483647;
			files = (
				974D928B186040D90022FEED /* Utility.cpp in Sources */,
				9766954018437EBE004E8ED6 /* Area.cpp in Sources */,
				9766954118437EBE004E8ED6 /* main.cpp in Sources */,
				9766954418437EBE004E8ED6 /* Tile.cpp in Sources */,
				9757B421185EF4C000F64CDE /* Chunk.cpp in Sources */,
				9757B422185EF4C000F64CDE /* CircleShape.cpp in Sources */,
				9757B423185EF4C000F64CDE /* CollisionHandler.cpp in Sources */,
				9757B425185EF4C000F64CDE /* Entity.cpp in Sources */,
				9757B426185EF4C000F64CDE /* EntityPlayer.cpp in Sources */,
				974D928C186040D90022FEED /* Vec2.cpp in Sources */,
				974D928D186040D90022FEED /* Vec3.cpp in Sources */,
				9757B427185EF4C000F64CDE /* Game.cpp in Sources */,
				9757B428185EF4C000F64CDE /* Material.cpp in Sources */,
				9757B429185EF4C000F64CDE /* Renderer.cpp in Sources */,
				974D928A186040D90022FEED /* Coord.cpp in Sources */,
				9757B42A185EF4C000F64CDE /* Shape.cpp in Sources */,
			);
			runOnlyForDeploymentPostprocessing = 0;
		};
/* End PBXSourcesBuildPhase section */

/* Begin XCBuildConfiguration section */
		9766951E18437968004E8ED6 /* Debug */ = {
			isa = XCBuildConfiguration;
			buildSettings = {
				ALWAYS_SEARCH_USER_PATHS = NO;
				CLANG_CXX_LANGUAGE_STANDARD = "gnu++0x";
				CLANG_CXX_LIBRARY = "libc++";
				CLANG_WARN_EMPTY_BODY = YES;
				CLANG_WARN__DUPLICATE_METHOD_MATCH = YES;
				COPY_PHASE_STRIP = NO;
				GCC_C_LANGUAGE_STANDARD = gnu99;
				GCC_DYNAMIC_NO_PIC = NO;
				GCC_ENABLE_OBJC_EXCEPTIONS = YES;
				GCC_OPTIMIZATION_LEVEL = 0;
				GCC_PREPROCESSOR_DEFINITIONS = (
					"DEBUG=1",
					"$(inherited)",
				);
				GCC_SYMBOLS_PRIVATE_EXTERN = NO;
				GCC_WARN_64_TO_32_BIT_CONVERSION = YES;
				GCC_WARN_ABOUT_RETURN_TYPE = YES;
				GCC_WARN_UNINITIALIZED_AUTOS = YES;
				GCC_WARN_UNUSED_VARIABLE = YES;
				MACOSX_DEPLOYMENT_TARGET = 10.7;
				ONLY_ACTIVE_ARCH = YES;
				SDKROOT = macosx;
			};
			name = Debug;
		};
		9766951F18437968004E8ED6 /* Release */ = {
			isa = XCBuildConfiguration;
			buildSettings = {
				ALWAYS_SEARCH_USER_PATHS = NO;
				CLANG_CXX_LANGUAGE_STANDARD = "gnu++0x";
				CLANG_CXX_LIBRARY = "libc++";
				CLANG_WARN_EMPTY_BODY = YES;
				CLANG_WARN__DUPLICATE_METHOD_MATCH = YES;
				COPY_PHASE_STRIP = YES;
				DEBUG_INFORMATION_FORMAT = "dwarf-with-dsym";
				GCC_C_LANGUAGE_STANDARD = gnu99;
				GCC_ENABLE_OBJC_EXCEPTIONS = YES;
				GCC_WARN_64_TO_32_BIT_CONVERSION = YES;
				GCC_WARN_ABOUT_RETURN_TYPE = YES;
				GCC_WARN_UNINITIALIZED_AUTOS = YES;
				GCC_WARN_UNUSED_VARIABLE = YES;
				MACOSX_DEPLOYMENT_TARGET = 10.7;
				SDKROOT = macosx;
			};
			name = Release;
		};
		9766952118437968004E8ED6 /* Debug */ = {
			isa = XCBuildConfiguration;
			buildSettings = {
				COMBINE_HIDPI_IMAGES = YES;
				FRAMEWORK_SEARCH_PATHS = (
					/Library/Frameworks,
					"$(LOCAL_LIBRARY_DIR)/Frameworks",
				);
				HEADER_SEARCH_PATHS = (
					/opt/local/include,
					/usr/include,
					/usr/local/include,
				);
				LIBRARY_SEARCH_PATHS = (
					/opt/local/lib,
					/usr/lib,
				);
				MACOSX_DEPLOYMENT_TARGET = 10.9;
				OTHER_LDFLAGS = (
					"-framework",
					cocoa,
					"-framework",
					SDL2,
				);
				PRODUCT_NAME = "$(TARGET_NAME)";
				USER_HEADER_SEARCH_PATHS = "";
			};
			name = Debug;
		};
		9766952218437968004E8ED6 /* Release */ = {
			isa = XCBuildConfiguration;
			buildSettings = {
				COMBINE_HIDPI_IMAGES = YES;
				FRAMEWORK_SEARCH_PATHS = (
					/Library/Frameworks,
					"$(LOCAL_LIBRARY_DIR)/Frameworks",
				);
				HEADER_SEARCH_PATHS = (
					/opt/local/include,
					/usr/include,
					/usr/local/include,
				);
				LIBRARY_SEARCH_PATHS = (
					/opt/local/lib,
					/usr/lib,
				);
				MACOSX_DEPLOYMENT_TARGET = 10.9;
				OTHER_LDFLAGS = (
					"-framework",
					cocoa,
					"-framework",
					SDL2,
				);
				PRODUCT_NAME = "$(TARGET_NAME)";
				USER_HEADER_SEARCH_PATHS = "";
			};
			name = Release;
		};
/* End XCBuildConfiguration section */

/* Begin XCConfigurationList section */
		9766951218437968004E8ED6 /* Build configuration list for PBXProject "Project Z" */ = {
			isa = XCConfigurationList;
			buildConfigurations = (
				9766951E18437968004E8ED6 /* Debug */,
				9766951F18437968004E8ED6 /* Release */,
			);
			defaultConfigurationIsVisible = 0;
			defaultConfigurationName = Release;
		};
		9766952018437968004E8ED6 /* Build configuration list for PBXNativeTarget "Project Z" */ = {
			isa = XCConfigurationList;
			buildConfigurations = (
				9766952118437968004E8ED6 /* Debug */,
				9766952218437968004E8ED6 /* Release */,
			);
			defaultConfigurationIsVisible = 0;
			defaultConfigurationName = Release;
		};
/* End XCConfigurationList section */
	};
	rootObject = 9766950F18437968004E8ED6 /* Project object */;
}
