// !$*UTF8*$!
{
	archiveVersion = 1;
	classes = {
	};
	objectVersion = 46;
	objects = {

/* Begin PBXBuildFile section */
		9766954018437EBE004E8ED6 /* Area.cpp in Sources */ = {isa = PBXBuildFile; fileRef = 9766953718437EBE004E8ED6 /* Area.cpp */; };
		9766954118437EBE004E8ED6 /* main.cpp in Sources */ = {isa = PBXBuildFile; fileRef = 9766953918437EBE004E8ED6 /* main.cpp */; };
		9766954218437EBE004E8ED6 /* Position.cpp in Sources */ = {isa = PBXBuildFile; fileRef = 9766953A18437EBE004E8ED6 /* Position.cpp */; };
		9766954318437EBE004E8ED6 /* SdlApplication.cpp in Sources */ = {isa = PBXBuildFile; fileRef = 9766953C18437EBE004E8ED6 /* SdlApplication.cpp */; };
		9766954418437EBE004E8ED6 /* Tile.cpp in Sources */ = {isa = PBXBuildFile; fileRef = 9766953E18437EBE004E8ED6 /* Tile.cpp */; };
		97AF03F51844CB230079D4C0 /* SDL2_image.framework in Frameworks */ = {isa = PBXBuildFile; fileRef = 97AF03F41844CB230079D4C0 /* SDL2_image.framework */; };
/* End PBXBuildFile section */

/* Begin PBXCopyFilesBuildPhase section */
		9766951618437968004E8ED6 /* CopyFiles */ = {
			isa = PBXCopyFilesBuildPhase;
			buildActionMask = 2147483647;
			dstPath = /usr/share/man/man1/;
			dstSubfolderSpec = 0;
			files = (
			);
			runOnlyForDeploymentPostprocessing = 1;
		};
/* End PBXCopyFilesBuildPhase section */

/* Begin PBXFileReference section */
		9766951818437968004E8ED6 /* Project Z.app */ = {isa = PBXFileReference; explicitFileType = wrapper.application; includeInIndex = 0; path = "Project Z.app"; sourceTree = BUILT_PRODUCTS_DIR; };
		9766953718437EBE004E8ED6 /* Area.cpp */ = {isa = PBXFileReference; fileEncoding = 4; lastKnownFileType = sourcecode.cpp.cpp; path = Area.cpp; sourceTree = "<group>"; };
		9766953818437EBE004E8ED6 /* Area.h */ = {isa = PBXFileReference; fileEncoding = 4; lastKnownFileType = sourcecode.c.h; path = Area.h; sourceTree = "<group>"; };
		9766953918437EBE004E8ED6 /* main.cpp */ = {isa = PBXFileReference; fileEncoding = 4; lastKnownFileType = sourcecode.cpp.cpp; path = main.cpp; sourceTree = "<group>"; };
		9766953A18437EBE004E8ED6 /* Position.cpp */ = {isa = PBXFileReference; fileEncoding = 4; lastKnownFileType = sourcecode.cpp.cpp; path = Position.cpp; sourceTree = "<group>"; };
		9766953B18437EBE004E8ED6 /* Position.h */ = {isa = PBXFileReference; fileEncoding = 4; lastKnownFileType = sourcecode.c.h; path = Position.h; sourceTree = "<group>"; };
		9766953C18437EBE004E8ED6 /* SdlApplication.cpp */ = {isa = PBXFileReference; fileEncoding = 4; lastKnownFileType = sourcecode.cpp.cpp; path = SdlApplication.cpp; sourceTree = "<group>"; };
		9766953D18437EBE004E8ED6 /* SdlApplication.h */ = {isa = PBXFileReference; fileEncoding = 4; lastKnownFileType = sourcecode.c.h; path = SdlApplication.h; sourceTree = "<group>"; };
		9766953E18437EBE004E8ED6 /* Tile.cpp */ = {isa = PBXFileReference; fileEncoding = 4; lastKnownFileType = sourcecode.cpp.cpp; path = Tile.cpp; sourceTree = "<group>"; };
		9766953F18437EBE004E8ED6 /* Tile.h */ = {isa = PBXFileReference; fileEncoding = 4; lastKnownFileType = sourcecode.c.h; path = Tile.h; sourceTree = "<group>"; };
		97AF03F41844CB230079D4C0 /* SDL2_image.framework */ = {isa = PBXFileReference; lastKnownFileType = wrapper.framework; name = SDL2_image.framework; path = ../../../../Library/Frameworks/SDL2_image.framework; sourceTree = "<group>"; };
/* End PBXFileReference section */

/* Begin PBXFrameworksBuildPhase section */
		9766951518437968004E8ED6 /* Frameworks */ = {
			isa = PBXFrameworksBuildPhase;
			buildActionMask = 2147483647;
			files = (
				97AF03F51844CB230079D4C0 /* SDL2_image.framework in Frameworks */,
			);
			runOnlyForDeploymentPostprocessing = 0;
		};
/* End PBXFrameworksBuildPhase section */

/* Begin PBXGroup section */
		9766950D18437968004E8ED6 = {
			isa = PBXGroup;
			children = (
				97AF03F41844CB230079D4C0 /* SDL2_image.framework */,
				9766953718437EBE004E8ED6 /* Area.cpp */,
				9766953818437EBE004E8ED6 /* Area.h */,
				9766953918437EBE004E8ED6 /* main.cpp */,
				9766953A18437EBE004E8ED6 /* Position.cpp */,
				9766953B18437EBE004E8ED6 /* Position.h */,
				9766953C18437EBE004E8ED6 /* SdlApplication.cpp */,
				9766953D18437EBE004E8ED6 /* SdlApplication.h */,
				9766953E18437EBE004E8ED6 /* Tile.cpp */,
				9766953F18437EBE004E8ED6 /* Tile.h */,
				9766951918437968004E8ED6 /* Products */,
			);
			sourceTree = "<group>";
		};
		9766951918437968004E8ED6 /* Products */ = {
			isa = PBXGroup;
			children = (
				9766951818437968004E8ED6 /* Project Z.app */,
			);
			name = Products;
			sourceTree = "<group>";
		};
/* End PBXGroup section */

/* Begin PBXNativeTarget section */
		9766951718437968004E8ED6 /* Project Z */ = {
			isa = PBXNativeTarget;
			buildConfigurationList = 9766952018437968004E8ED6 /* Build configuration list for PBXNativeTarget "Project Z" */;
			buildPhases = (
				9766951418437968004E8ED6 /* Sources */,
				9766951518437968004E8ED6 /* Frameworks */,
				9766951618437968004E8ED6 /* CopyFiles */,
			);
			buildRules = (
			);
			dependencies = (
			);
			name = "Project Z";
			productName = "Project Z";
			productReference = 9766951818437968004E8ED6 /* Project Z.app */;
			productType = "com.apple.product-type.application";
		};
/* End PBXNativeTarget section */

/* Begin PBXProject section */
		9766950F18437968004E8ED6 /* Project object */ = {
			isa = PBXProject;
			attributes = {
				LastUpgradeCheck = 0450;
				ORGANIZATIONNAME = "Hannes Feldt";
			};
			buildConfigurationList = 9766951218437968004E8ED6 /* Build configuration list for PBXProject "Project Z" */;
			compatibilityVersion = "Xcode 3.2";
			developmentRegion = English;
			hasScannedForEncodings = 0;
			knownRegions = (
				en,
			);
			mainGroup = 9766950D18437968004E8ED6;
			productRefGroup = 9766951918437968004E8ED6 /* Products */;
			projectDirPath = "";
			projectRoot = "";
			targets = (
				9766951718437968004E8ED6 /* Project Z */,
			);
		};
/* End PBXProject section */

/* Begin PBXSourcesBuildPhase section */
		9766951418437968004E8ED6 /* Sources */ = {
			isa = PBXSourcesBuildPhase;
			buildActionMask = 2147483647;
			files = (
				9766954018437EBE004E8ED6 /* Area.cpp in Sources */,
				9766954118437EBE004E8ED6 /* main.cpp in Sources */,
				9766954218437EBE004E8ED6 /* Position.cpp in Sources */,
				9766954318437EBE004E8ED6 /* SdlApplication.cpp in Sources */,
				9766954418437EBE004E8ED6 /* Tile.cpp in Sources */,
			);
			runOnlyForDeploymentPostprocessing = 0;
		};
/* End PBXSourcesBuildPhase section */

/* Begin XCBuildConfiguration section */
		9766951E18437968004E8ED6 /* Debug */ = {
			isa = XCBuildConfiguration;
			buildSettings = {
				ALWAYS_SEARCH_USER_PATHS = NO;
				ARCHS = "$(ARCHS_STANDARD_64_BIT)";
				CLANG_CXX_LANGUAGE_STANDARD = "gnu++0x";
				CLANG_CXX_LIBRARY = "libc++";
				CLANG_WARN_EMPTY_BODY = YES;
				CLANG_WARN__DUPLICATE_METHOD_MATCH = YES;
				COPY_PHASE_STRIP = NO;
				GCC_C_LANGUAGE_STANDARD = gnu99;
				GCC_DYNAMIC_NO_PIC = NO;
				GCC_ENABLE_OBJC_EXCEPTIONS = YES;
				GCC_OPTIMIZATION_LEVEL = 0;
				GCC_PREPROCESSOR_DEFINITIONS = (
					"DEBUG=1",
					"$(inherited)",
				);
				GCC_SYMBOLS_PRIVATE_EXTERN = NO;
				GCC_WARN_64_TO_32_BIT_CONVERSION = YES;
				GCC_WARN_ABOUT_RETURN_TYPE = YES;
				GCC_WARN_UNINITIALIZED_AUTOS = YES;
				GCC_WARN_UNUSED_VARIABLE = YES;
				MACOSX_DEPLOYMENT_TARGET = 10.7;
				ONLY_ACTIVE_ARCH = YES;
				SDKROOT = macosx;
			};
			name = Debug;
		};
		9766951F18437968004E8ED6 /* Release */ = {
			isa = XCBuildConfiguration;
			buildSettings = {
				ALWAYS_SEARCH_USER_PATHS = NO;
				ARCHS = "$(ARCHS_STANDARD_64_BIT)";
				CLANG_CXX_LANGUAGE_STANDARD = "gnu++0x";
				CLANG_CXX_LIBRARY = "libc++";
				CLANG_WARN_EMPTY_BODY = YES;
				CLANG_WARN__DUPLICATE_METHOD_MATCH = YES;
				COPY_PHASE_STRIP = YES;
				DEBUG_INFORMATION_FORMAT = "dwarf-with-dsym";
				GCC_C_LANGUAGE_STANDARD = gnu99;
				GCC_ENABLE_OBJC_EXCEPTIONS = YES;
				GCC_WARN_64_TO_32_BIT_CONVERSION = YES;
				GCC_WARN_ABOUT_RETURN_TYPE = YES;
				GCC_WARN_UNINITIALIZED_AUTOS = YES;
				GCC_WARN_UNUSED_VARIABLE = YES;
				MACOSX_DEPLOYMENT_TARGET = 10.7;
				SDKROOT = macosx;
			};
			name = Release;
		};
		9766952118437968004E8ED6 /* Debug */ = {
			isa = XCBuildConfiguration;
			buildSettings = {
				FRAMEWORK_SEARCH_PATHS = /Library/Frameworks;
				HEADER_SEARCH_PATHS = (
					/opt/local/include,
					/usr/include,
					/usr/local/include,
				);
				LIBRARY_SEARCH_PATHS = (
					/opt/local/lib,
					/usr/lib,
				);
				OTHER_LDFLAGS = (
					"-framework",
					cocoa,
					"-framework",
					SDL2,
				);
				PRODUCT_NAME = "$(TARGET_NAME)";
				USER_HEADER_SEARCH_PATHS = "";
			};
			name = Debug;
		};
		9766952218437968004E8ED6 /* Release */ = {
			isa = XCBuildConfiguration;
			buildSettings = {
				FRAMEWORK_SEARCH_PATHS = /Library/Frameworks;
				HEADER_SEARCH_PATHS = (
					/opt/local/include,
					/usr/include,
					/usr/local/include,
				);
				LIBRARY_SEARCH_PATHS = (
					/opt/local/lib,
					/usr/lib,
				);
				OTHER_LDFLAGS = (
					"-framework",
					cocoa,
					"-framework",
					SDL2,
				);
				PRODUCT_NAME = "$(TARGET_NAME)";
				USER_HEADER_SEARCH_PATHS = "";
			};
			name = Release;
		};
/* End XCBuildConfiguration section */

/* Begin XCConfigurationList section */
		9766951218437968004E8ED6 /* Build configuration list for PBXProject "Project Z" */ = {
			isa = XCConfigurationList;
			buildConfigurations = (
				9766951E18437968004E8ED6 /* Debug */,
				9766951F18437968004E8ED6 /* Release */,
			);
			defaultConfigurationIsVisible = 0;
			defaultConfigurationName = Release;
		};
		9766952018437968004E8ED6 /* Build configuration list for PBXNativeTarget "Project Z" */ = {
			isa = XCConfigurationList;
			buildConfigurations = (
				9766952118437968004E8ED6 /* Debug */,
				9766952218437968004E8ED6 /* Release */,
			);
			defaultConfigurationIsVisible = 0;
			defaultConfigurationName = Release;
		};
/* End XCConfigurationList section */
	};
	rootObject = 9766950F18437968004E8ED6 /* Project object */;
}
